
Microsoft Visual Studio Solution File, Format Version 12.00
# Visual Studio Version 16
VisualStudioVersion = 16.0.29926.136
MinimumVisualStudioVersion = 10.0.40219.1
Project("{FAE04EC0-301F-11D3-BF4B-00C04F79EFBC}") = "Shopify", "Shopify\Shopify.csproj", "{F36C4943-C0FD-433D-BA03-1185C1134CF5}"
EndProject
Global
	GlobalSection(SolutionConfigurationPlatforms) = preSolution
		Debug|Any CPU = Debug|Any CPU
		Release|Any CPU = Release|Any CPU
	EndGlobalSection
	GlobalSection(ProjectConfigurationPlatforms) = postSolution
		{F36C4943-C0FD-433D-BA03-1185C1134CF5}.Debug|Any CPU.ActiveCfg = Debug|Any CPU
		{F36C4943-C0FD-433D-BA03-1185C1134CF5}.Debug|Any CPU.Build.0 = Debug|Any CPU
		{F36C4943-C0FD-433D-BA03-1185C1134CF5}.Release|Any CPU.ActiveCfg = Release|Any CPU
		{F36C4943-C0FD-433D-BA03-1185C1134CF5}.Release|Any CPU.Build.0 = Release|Any CPU
	EndGlobalSection
	GlobalSection(SolutionProperties) = preSolution
		HideSolutionNode = FALSE
	EndGlobalSection
	GlobalSection(ExtensibilityGlobals) = postSolution
		SolutionGuid = {ECE807EA-711F-4D30-B372-4E37C7330CD1}
	EndGlobalSection
EndGlobal
